hash: 1b5c3486d6c1b9a133c0fd606ed719e5b917593a0741bd06736c47170c00a13d
updated: 2016-08-29T09:59:38.52855487+02:00
imports:
- name: github.com/cloudfoundry-incubator/candiedyaml
  version: 99c3df83b51532e3615f851d8c2dbb638f5313bf
- name: github.com/coreos/etcd
  version: e53b99588a05d1f4ef172c178d4ed8e8106b8be4
  subpackages:
  - auth/authpb
  - clientv3
  - etcdserver/api/v3rpc/rpctypes
  - etcdserver/etcdserverpb
  - mvcc/mvccpb
  - pkg/tlsutil
- name: github.com/ghodss/yaml
  version: aa0c862057666179de291b67d9f093d12b5a8473
- name: github.com/golang/protobuf
  version: 888eb0692c857ec880338addf316bd662d5e630e
  subpackages:
  - jsonpb
  - proto
- name: github.com/grpc-ecosystem/grpc-gateway
  version: 331418a167bc76e7e4e7469cf704033eddaba7a5
  subpackages:
  - runtime
  - runtime/internal
  - utilities
- name: golang.org/x/net
  version: 6250b412798208e6c90b03b7c4f226de5aa299e2
  subpackages:
  - context
  - http2
  - http2/hpack
  - internal/timeseries
  - lex/httplex
  - trace
- name: google.golang.org/grpc
  version: 79b7c349179cdd6efd8bac4a1ce7f01b98c16e9b
  subpackages:
  - codes
  - credentials
  - grpclog
  - internal
  - metadata
  - naming
  - peer
  - transport
testImports: []
